
Microsoft Visual Studio Solution File, Format Version 12.00
# Visual Studio 2017
Project("{FAE04EC0-301F-11D3-BF4B-00C04F79EFBC}") = "Type Runner", "Type Runner.csproj", "{2168E808-91AC-0CA9-379C-B4F127BB30DF}"
EndProject
Global
	GlobalSection(SolutionConfigurationPlatforms) = preSolution
		Debug|Any CPU = Debug|Any CPU
		Release|Any CPU = Release|Any CPU
	EndGlobalSection
	GlobalSection(ProjectConfigurationPlatforms) = postSolution
		{2168E808-91AC-0CA9-379C-B4F127BB30DF}.Debug|Any CPU.ActiveCfg = Debug|Any CPU
		{2168E808-91AC-0CA9-379C-B4F127BB30DF}.Debug|Any CPU.Build.0 = Debug|Any CPU
		{2168E808-91AC-0CA9-379C-B4F127BB30DF}.Release|Any CPU.ActiveCfg = Release|Any CPU
		{2168E808-91AC-0CA9-379C-B4F127BB30DF}.Release|Any CPU.Build.0 = Release|Any CPU
	EndGlobalSection
	GlobalSection(SolutionProperties) = preSolution
		HideSolutionNode = FALSE
	EndGlobalSection
EndGlobal
